
Microsoft Visual Studio Solution File, Format Version 12.00
# Visual Studio Version 17
VisualStudioVersion = 17.2.32616.157
MinimumVisualStudioVersion = 10.0.40219.1
Project("{FAE04EC0-301F-11D3-BF4B-00C04F79EFBC}") = "ShapeFlyweightExample", "ShapeFlyweightExample\ShapeFlyweightExample.csproj", "{8E32522D-437E-48E4-BEC3-B44DB967EE7D}"
EndProject
Global
	GlobalSection(SolutionConfigurationPlatforms) = preSolution
		Debug|Any CPU = Debug|Any CPU
		Release|Any CPU = Release|Any CPU
	EndGlobalSection
	GlobalSection(ProjectConfigurationPlatforms) = postSolution
		{8E32522D-437E-48E4-BEC3-B44DB967EE7D}.Debug|Any CPU.ActiveCfg = Debug|Any CPU
		{8E32522D-437E-48E4-BEC3-B44DB967EE7D}.Debug|Any CPU.Build.0 = Debug|Any CPU
		{8E32522D-437E-48E4-BEC3-B44DB967EE7D}.Release|Any CPU.ActiveCfg = Release|Any CPU
		{8E32522D-437E-48E4-BEC3-B44DB967EE7D}.Release|Any CPU.Build.0 = Release|Any CPU
	EndGlobalSection
	GlobalSection(SolutionProperties) = preSolution
		HideSolutionNode = FALSE
	EndGlobalSection
	GlobalSection(ExtensibilityGlobals) = postSolution
		SolutionGuid = {A015251B-0062-457D-AF20-945C393292AD}
	EndGlobalSection
EndGlobal
