
Microsoft Visual Studio Solution File, Format Version 12.00
# Visual Studio Version 16
VisualStudioVersion = 16.0.31829.152
MinimumVisualStudioVersion = 10.0.40219.1
Project("{FAE04EC0-301F-11D3-BF4B-00C04F79EFBC}") = "ThreadVsTaskCompariser", "test\ThreadVsTaskCompariser.csproj", "{67D05403-94FB-4873-8A87-271CB999B3B9}"
EndProject
Project("{FAE04EC0-301F-11D3-BF4B-00C04F79EFBC}") = "SynchronousVsParallelComariser", "test1\SynchronousVsParallelComariser.csproj", "{1E21FC90-46DF-44BB-927C-244D0B4AE553}"
EndProject
Global
	GlobalSection(SolutionConfigurationPlatforms) = preSolution
		Debug|Any CPU = Debug|Any CPU
		Release|Any CPU = Release|Any CPU
	EndGlobalSection
	GlobalSection(ProjectConfigurationPlatforms) = postSolution
		{67D05403-94FB-4873-8A87-271CB999B3B9}.Debug|Any CPU.ActiveCfg = Debug|Any CPU
		{67D05403-94FB-4873-8A87-271CB999B3B9}.Debug|Any CPU.Build.0 = Debug|Any CPU
		{67D05403-94FB-4873-8A87-271CB999B3B9}.Release|Any CPU.ActiveCfg = Release|Any CPU
		{67D05403-94FB-4873-8A87-271CB999B3B9}.Release|Any CPU.Build.0 = Release|Any CPU
		{1E21FC90-46DF-44BB-927C-244D0B4AE553}.Debug|Any CPU.ActiveCfg = Debug|Any CPU
		{1E21FC90-46DF-44BB-927C-244D0B4AE553}.Debug|Any CPU.Build.0 = Debug|Any CPU
		{1E21FC90-46DF-44BB-927C-244D0B4AE553}.Release|Any CPU.ActiveCfg = Release|Any CPU
		{1E21FC90-46DF-44BB-927C-244D0B4AE553}.Release|Any CPU.Build.0 = Release|Any CPU
	EndGlobalSection
	GlobalSection(SolutionProperties) = preSolution
		HideSolutionNode = FALSE
	EndGlobalSection
	GlobalSection(ExtensibilityGlobals) = postSolution
		SolutionGuid = {2F45BFDC-BB94-4A03-9F82-834171E2B376}
	EndGlobalSection
EndGlobal
