
Microsoft Visual Studio Solution File, Format Version 12.00
# Visual Studio Version 17
VisualStudioVersion = 17.2.32616.157
MinimumVisualStudioVersion = 10.0.40219.1
Project("{FAE04EC0-301F-11D3-BF4B-00C04F79EFBC}") = "RepositoryIteratorExample", "RepositoryIteratorExample\RepositoryIteratorExample.csproj", "{1B239C76-9115-40C1-9AAE-9FBA30FF7264}"
EndProject
Global
	GlobalSection(SolutionConfigurationPlatforms) = preSolution
		Debug|Any CPU = Debug|Any CPU
		Release|Any CPU = Release|Any CPU
	EndGlobalSection
	GlobalSection(ProjectConfigurationPlatforms) = postSolution
		{1B239C76-9115-40C1-9AAE-9FBA30FF7264}.Debug|Any CPU.ActiveCfg = Debug|Any CPU
		{1B239C76-9115-40C1-9AAE-9FBA30FF7264}.Debug|Any CPU.Build.0 = Debug|Any CPU
		{1B239C76-9115-40C1-9AAE-9FBA30FF7264}.Release|Any CPU.ActiveCfg = Release|Any CPU
		{1B239C76-9115-40C1-9AAE-9FBA30FF7264}.Release|Any CPU.Build.0 = Release|Any CPU
	EndGlobalSection
	GlobalSection(SolutionProperties) = preSolution
		HideSolutionNode = FALSE
	EndGlobalSection
	GlobalSection(ExtensibilityGlobals) = postSolution
		SolutionGuid = {5DFAF175-107A-4774-AD27-6AB95DE16120}
	EndGlobalSection
EndGlobal
