
Microsoft Visual Studio Solution File, Format Version 12.00
# Visual Studio Version 17
VisualStudioVersion = 17.2.32616.157
MinimumVisualStudioVersion = 10.0.40219.1
Project("{FAE04EC0-301F-11D3-BF4B-00C04F79EFBC}") = "ObserverExample", "ObserverExample\ObserverExample.csproj", "{866B2B15-1C83-45D4-BC46-E737DB4139B1}"
EndProject
Global
	GlobalSection(SolutionConfigurationPlatforms) = preSolution
		Debug|Any CPU = Debug|Any CPU
		Release|Any CPU = Release|Any CPU
	EndGlobalSection
	GlobalSection(ProjectConfigurationPlatforms) = postSolution
		{866B2B15-1C83-45D4-BC46-E737DB4139B1}.Debug|Any CPU.ActiveCfg = Debug|Any CPU
		{866B2B15-1C83-45D4-BC46-E737DB4139B1}.Debug|Any CPU.Build.0 = Debug|Any CPU
		{866B2B15-1C83-45D4-BC46-E737DB4139B1}.Release|Any CPU.ActiveCfg = Release|Any CPU
		{866B2B15-1C83-45D4-BC46-E737DB4139B1}.Release|Any CPU.Build.0 = Release|Any CPU
	EndGlobalSection
	GlobalSection(SolutionProperties) = preSolution
		HideSolutionNode = FALSE
	EndGlobalSection
	GlobalSection(ExtensibilityGlobals) = postSolution
		SolutionGuid = {D168D67C-7FF6-4B3D-A21D-11F762935F7D}
	EndGlobalSection
EndGlobal
