
Microsoft Visual Studio Solution File, Format Version 12.00
# Visual Studio Version 17
VisualStudioVersion = 17.2.32616.157
MinimumVisualStudioVersion = 10.0.40219.1
Project("{FAE04EC0-301F-11D3-BF4B-00C04F79EFBC}") = "ShapeFacadeExample", "ShapeFacadeExample\ShapeFacadeExample.csproj", "{1C1F5354-05F2-48F3-A37D-C617D7319B8E}"
EndProject
Global
	GlobalSection(SolutionConfigurationPlatforms) = preSolution
		Debug|Any CPU = Debug|Any CPU
		Release|Any CPU = Release|Any CPU
	EndGlobalSection
	GlobalSection(ProjectConfigurationPlatforms) = postSolution
		{1C1F5354-05F2-48F3-A37D-C617D7319B8E}.Debug|Any CPU.ActiveCfg = Debug|Any CPU
		{1C1F5354-05F2-48F3-A37D-C617D7319B8E}.Debug|Any CPU.Build.0 = Debug|Any CPU
		{1C1F5354-05F2-48F3-A37D-C617D7319B8E}.Release|Any CPU.ActiveCfg = Release|Any CPU
		{1C1F5354-05F2-48F3-A37D-C617D7319B8E}.Release|Any CPU.Build.0 = Release|Any CPU
	EndGlobalSection
	GlobalSection(SolutionProperties) = preSolution
		HideSolutionNode = FALSE
	EndGlobalSection
	GlobalSection(ExtensibilityGlobals) = postSolution
		SolutionGuid = {036CEA19-60E1-4F93-9B98-84BF7359A793}
	EndGlobalSection
EndGlobal
